<?xml version="1.0" encoding="utf-8"?>
<Project ToolsVersion="4.0" xmlns="http://schemas.microsoft.com/developer/msbuild/2003">
  <ItemGroup>
    <Filter Include="src">
      <UniqueIdentifier>{9d6f3a3e-1c5d-4c89-8e75-08085d2dd6ad}</UniqueIdentifier>
    </Filter>
    <Filter Include="res">
      <UniqueIdentifier>{08dbf434-38de-4963-8d74-bc01c1accb5d}</UniqueIdentifier>
    </Filter>
  </ItemGroup>
  <ItemGroup>
    <ClCompile Include="src\main.cpp">
      <Filter>src</Filter>
    </ClCompile>
  </ItemGroup>
  <ItemGroup>
    <ClInclude Include="resource.h">
      <Filter>res</Filter>
    </ClInclude>
  </ItemGroup>
  <ItemGroup>
    <ResourceCompile Include="app.windows.loader.rc">
      <Filter>res</Filter>
    </ResourceCompile>
  </ItemGroup>
</Project>