
Microsoft Visual Studio Solution File, Format Version 12.00
# Visual Studio Version 16
VisualStudioVersion = 16.0.30204.135
MinimumVisualStudioVersion = 10.0.40219.1
Project("{2150E333-8FDC-42A3-9474-1A3956D46DE8}") = "dependency", "dependency", "{7D55A070-D95F-4522-A8B6-8DEBC2B57751}"
EndProject
Project("{8BC9CEB8-8B4A-11D0-8D11-00A0C91BC942}") = "ETCPACK", "dependency\ETCPACK\ETCPACK.vcxproj", "{4C6B08D8-2E0E-454A-8B57-DCF3D4470A47}"
EndProject
Project("{8BC9CEB8-8B4A-11D0-8D11-00A0C91BC942}") = "md5", "dependency\md5\md5.vcxproj", "{F247BB75-19F6-40DA-A217-B19397F86D76}"
EndProject
Project("{8BC9CEB8-8B4A-11D0-8D11-00A0C91BC942}") = "PVRTCCompressor", "dependency\PVRTCCompressor\PVRTCCompressor.vcxproj", "{46008432-8C27-413C-AA88-D2A6E72DECD8}"
EndProject
Project("{8BC9CEB8-8B4A-11D0-8D11-00A0C91BC942}") = "rg_etc1", "dependency\rg_etc1\rg_etc1.vcxproj", "{28946313-B560-4FC8-B14B-D4D88F6555A5}"
EndProject
Project("{8BC9CEB8-8B4A-11D0-8D11-00A0C91BC942}") = "tinyxml", "dependency\tinyxml\tinyxml.vcxproj", "{D62F7012-3ED3-4BE6-9BD2-ABA8078F1A95}"
EndProject
Project("{8BC9CEB8-8B4A-11D0-8D11-00A0C91BC942}") = "zlib", "dependency\zlib\zlib.vcxproj", "{4B6E1C72-829F-44A9-B269-FCCD513994DE}"
EndProject
Project("{8BC9CEB8-8B4A-11D0-8D11-00A0C91BC942}") = "libpng", "dependency\libpng\libpng.vcxproj", "{508E70D3-A8B6-4275-8479-BAF3E3ACFA1F}"
EndProject
Project("{8BC9CEB8-8B4A-11D0-8D11-00A0C91BC942}") = "core", "core\core.vcxproj", "{4703EC88-2894-457F-BBCC-0DF3C28AADA0}"
EndProject
Project("{8BC9CEB8-8B4A-11D0-8D11-00A0C91BC942}") = "lib.android.dynamic", "lib.android.dynamic\lib.android.dynamic.vcxproj", "{0B2543C8-F59B-4A6C-96C6-C1ECB48EF24F}"
EndProject
Project("{8BC9CEB8-8B4A-11D0-8D11-00A0C91BC942}") = "boost-filesystem", "dependency\boost-filesystem\boost-filesystem.vcxproj", "{F09617B2-8637-42BA-9EBE-5AB0D9560B6C}"
EndProject
Global
	GlobalSection(SolutionConfigurationPlatforms) = preSolution
		Debug|ARM = Debug|ARM
		Debug|ARM64 = Debug|ARM64
		Debug|x64 = Debug|x64
		Debug|x86 = Debug|x86
		Release|ARM = Release|ARM
		Release|ARM64 = Release|ARM64
		Release|x64 = Release|x64
		Release|x86 = Release|x86
	EndGlobalSection
	GlobalSection(ProjectConfigurationPlatforms) = postSolution
		{4C6B08D8-2E0E-454A-8B57-DCF3D4470A47}.Debug|ARM.ActiveCfg = Debug|ARM
		{4C6B08D8-2E0E-454A-8B57-DCF3D4470A47}.Debug|ARM.Build.0 = Debug|ARM
		{4C6B08D8-2E0E-454A-8B57-DCF3D4470A47}.Debug|ARM64.ActiveCfg = Debug|ARM64
		{4C6B08D8-2E0E-454A-8B57-DCF3D4470A47}.Debug|ARM64.Build.0 = Debug|ARM64
		{4C6B08D8-2E0E-454A-8B57-DCF3D4470A47}.Debug|x64.ActiveCfg = Debug|x64
		{4C6B08D8-2E0E-454A-8B57-DCF3D4470A47}.Debug|x64.Build.0 = Debug|x64
		{4C6B08D8-2E0E-454A-8B57-DCF3D4470A47}.Debug|x86.ActiveCfg = Debug|x86
		{4C6B08D8-2E0E-454A-8B57-DCF3D4470A47}.Debug|x86.Build.0 = Debug|x86
		{4C6B08D8-2E0E-454A-8B57-DCF3D4470A47}.Release|ARM.ActiveCfg = Release|ARM
		{4C6B08D8-2E0E-454A-8B57-DCF3D4470A47}.Release|ARM.Build.0 = Release|ARM
		{4C6B08D8-2E0E-454A-8B57-DCF3D4470A47}.Release|ARM64.ActiveCfg = Release|ARM64
		{4C6B08D8-2E0E-454A-8B57-DCF3D4470A47}.Release|ARM64.Build.0 = Release|ARM64
		{4C6B08D8-2E0E-454A-8B57-DCF3D4470A47}.Release|x64.ActiveCfg = Release|x64
		{4C6B08D8-2E0E-454A-8B57-DCF3D4470A47}.Release|x64.Build.0 = Release|x64
		{4C6B08D8-2E0E-454A-8B57-DCF3D4470A47}.Release|x86.ActiveCfg = Release|x86
		{4C6B08D8-2E0E-454A-8B57-DCF3D4470A47}.Release|x86.Build.0 = Release|x86
		{F247BB75-19F6-40DA-A217-B19397F86D76}.Debug|ARM.ActiveCfg = Debug|ARM
		{F247BB75-19F6-40DA-A217-B19397F86D76}.Debug|ARM.Build.0 = Debug|ARM
		{F247BB75-19F6-40DA-A217-B19397F86D76}.Debug|ARM64.ActiveCfg = Debug|ARM64
		{F247BB75-19F6-40DA-A217-B19397F86D76}.Debug|ARM64.Build.0 = Debug|ARM64
		{F247BB75-19F6-40DA-A217-B19397F86D76}.Debug|x64.ActiveCfg = Debug|x64
		{F247BB75-19F6-40DA-A217-B19397F86D76}.Debug|x64.Build.0 = Debug|x64
		{F247BB75-19F6-40DA-A217-B19397F86D76}.Debug|x86.ActiveCfg = Debug|x86
		{F247BB75-19F6-40DA-A217-B19397F86D76}.Debug|x86.Build.0 = Debug|x86
		{F247BB75-19F6-40DA-A217-B19397F86D76}.Release|ARM.ActiveCfg = Release|ARM
		{F247BB75-19F6-40DA-A217-B19397F86D76}.Release|ARM.Build.0 = Release|ARM
		{F247BB75-19F6-40DA-A217-B19397F86D76}.Release|ARM64.ActiveCfg = Release|ARM64
		{F247BB75-19F6-40DA-A217-B19397F86D76}.Release|ARM64.Build.0 = Release|ARM64
		{F247BB75-19F6-40DA-A217-B19397F86D76}.Release|x64.ActiveCfg = Release|x64
		{F247BB75-19F6-40DA-A217-B19397F86D76}.Release|x64.Build.0 = Release|x64
		{F247BB75-19F6-40DA-A217-B19397F86D76}.Release|x86.ActiveCfg = Release|x86
		{F247BB75-19F6-40DA-A217-B19397F86D76}.Release|x86.Build.0 = Release|x86
		{46008432-8C27-413C-AA88-D2A6E72DECD8}.Debug|ARM.ActiveCfg = Debug|ARM
		{46008432-8C27-413C-AA88-D2A6E72DECD8}.Debug|ARM.Build.0 = Debug|ARM
		{46008432-8C27-413C-AA88-D2A6E72DECD8}.Debug|ARM64.ActiveCfg = Debug|ARM64
		{46008432-8C27-413C-AA88-D2A6E72DECD8}.Debug|ARM64.Build.0 = Debug|ARM64
		{46008432-8C27-413C-AA88-D2A6E72DECD8}.Debug|x64.ActiveCfg = Debug|x64
		{46008432-8C27-413C-AA88-D2A6E72DECD8}.Debug|x64.Build.0 = Debug|x64
		{46008432-8C27-413C-AA88-D2A6E72DECD8}.Debug|x86.ActiveCfg = Debug|x86
		{46008432-8C27-413C-AA88-D2A6E72DECD8}.Debug|x86.Build.0 = Debug|x86
		{46008432-8C27-413C-AA88-D2A6E72DECD8}.Release|ARM.ActiveCfg = Release|ARM
		{46008432-8C27-413C-AA88-D2A6E72DECD8}.Release|ARM.Build.0 = Release|ARM
		{46008432-8C27-413C-AA88-D2A6E72DECD8}.Release|ARM64.ActiveCfg = Release|ARM64
		{46008432-8C27-413C-AA88-D2A6E72DECD8}.Release|ARM64.Build.0 = Release|ARM64
		{46008432-8C27-413C-AA88-D2A6E72DECD8}.Release|x64.ActiveCfg = Release|x64
		{46008432-8C27-413C-AA88-D2A6E72DECD8}.Release|x64.Build.0 = Release|x64
		{46008432-8C27-413C-AA88-D2A6E72DECD8}.Release|x86.ActiveCfg = Release|x86
		{46008432-8C27-413C-AA88-D2A6E72DECD8}.Release|x86.Build.0 = Release|x86
		{28946313-B560-4FC8-B14B-D4D88F6555A5}.Debug|ARM.ActiveCfg = Debug|ARM
		{28946313-B560-4FC8-B14B-D4D88F6555A5}.Debug|ARM.Build.0 = Debug|ARM
		{28946313-B560-4FC8-B14B-D4D88F6555A5}.Debug|ARM64.ActiveCfg = Debug|ARM64
		{28946313-B560-4FC8-B14B-D4D88F6555A5}.Debug|ARM64.Build.0 = Debug|ARM64
		{28946313-B560-4FC8-B14B-D4D88F6555A5}.Debug|x64.ActiveCfg = Debug|x64
		{28946313-B560-4FC8-B14B-D4D88F6555A5}.Debug|x64.Build.0 = Debug|x64
		{28946313-B560-4FC8-B14B-D4D88F6555A5}.Debug|x86.ActiveCfg = Debug|x86
		{28946313-B560-4FC8-B14B-D4D88F6555A5}.Debug|x86.Build.0 = Debug|x86
		{28946313-B560-4FC8-B14B-D4D88F6555A5}.Release|ARM.ActiveCfg = Release|ARM
		{28946313-B560-4FC8-B14B-D4D88F6555A5}.Release|ARM.Build.0 = Release|ARM
		{28946313-B560-4FC8-B14B-D4D88F6555A5}.Release|ARM64.ActiveCfg = Release|ARM64
		{28946313-B560-4FC8-B14B-D4D88F6555A5}.Release|ARM64.Build.0 = Release|ARM64
		{28946313-B560-4FC8-B14B-D4D88F6555A5}.Release|x64.ActiveCfg = Release|x64
		{28946313-B560-4FC8-B14B-D4D88F6555A5}.Release|x64.Build.0 = Release|x64
		{28946313-B560-4FC8-B14B-D4D88F6555A5}.Release|x86.ActiveCfg = Release|x86
		{28946313-B560-4FC8-B14B-D4D88F6555A5}.Release|x86.Build.0 = Release|x86
		{D62F7012-3ED3-4BE6-9BD2-ABA8078F1A95}.Debug|ARM.ActiveCfg = Debug|ARM
		{D62F7012-3ED3-4BE6-9BD2-ABA8078F1A95}.Debug|ARM.Build.0 = Debug|ARM
		{D62F7012-3ED3-4BE6-9BD2-ABA8078F1A95}.Debug|ARM64.ActiveCfg = Debug|ARM64
		{D62F7012-3ED3-4BE6-9BD2-ABA8078F1A95}.Debug|ARM64.Build.0 = Debug|ARM64
		{D62F7012-3ED3-4BE6-9BD2-ABA8078F1A95}.Debug|x64.ActiveCfg = Debug|x64
		{D62F7012-3ED3-4BE6-9BD2-ABA8078F1A95}.Debug|x64.Build.0 = Debug|x64
		{D62F7012-3ED3-4BE6-9BD2-ABA8078F1A95}.Debug|x86.ActiveCfg = Debug|x86
		{D62F7012-3ED3-4BE6-9BD2-ABA8078F1A95}.Debug|x86.Build.0 = Debug|x86
		{D62F7012-3ED3-4BE6-9BD2-ABA8078F1A95}.Release|ARM.ActiveCfg = Release|ARM
		{D62F7012-3ED3-4BE6-9BD2-ABA8078F1A95}.Release|ARM.Build.0 = Release|ARM
		{D62F7012-3ED3-4BE6-9BD2-ABA8078F1A95}.Release|ARM64.ActiveCfg = Release|ARM64
		{D62F7012-3ED3-4BE6-9BD2-ABA8078F1A95}.Release|ARM64.Build.0 = Release|ARM64
		{D62F7012-3ED3-4BE6-9BD2-ABA8078F1A95}.Release|x64.ActiveCfg = Release|x64
		{D62F7012-3ED3-4BE6-9BD2-ABA8078F1A95}.Release|x64.Build.0 = Release|x64
		{D62F7012-3ED3-4BE6-9BD2-ABA8078F1A95}.Release|x86.ActiveCfg = Release|x86
		{D62F7012-3ED3-4BE6-9BD2-ABA8078F1A95}.Release|x86.Build.0 = Release|x86
		{4B6E1C72-829F-44A9-B269-FCCD513994DE}.Debug|ARM.ActiveCfg = Debug|ARM
		{4B6E1C72-829F-44A9-B269-FCCD513994DE}.Debug|ARM.Build.0 = Debug|ARM
		{4B6E1C72-829F-44A9-B269-FCCD513994DE}.Debug|ARM64.ActiveCfg = Debug|ARM64
		{4B6E1C72-829F-44A9-B269-FCCD513994DE}.Debug|ARM64.Build.0 = Debug|ARM64
		{4B6E1C72-829F-44A9-B269-FCCD513994DE}.Debug|x64.ActiveCfg = Debug|x64
		{4B6E1C72-829F-44A9-B269-FCCD513994DE}.Debug|x64.Build.0 = Debug|x64
		{4B6E1C72-829F-44A9-B269-FCCD513994DE}.Debug|x86.ActiveCfg = Debug|x86
		{4B6E1C72-829F-44A9-B269-FCCD513994DE}.Debug|x86.Build.0 = Debug|x86
		{4B6E1C72-829F-44A9-B269-FCCD513994DE}.Release|ARM.ActiveCfg = Release|ARM
		{4B6E1C72-829F-44A9-B269-FCCD513994DE}.Release|ARM.Build.0 = Release|ARM
		{4B6E1C72-829F-44A9-B269-FCCD513994DE}.Release|ARM64.ActiveCfg = Release|ARM64
		{4B6E1C72-829F-44A9-B269-FCCD513994DE}.Release|ARM64.Build.0 = Release|ARM64
		{4B6E1C72-829F-44A9-B269-FCCD513994DE}.Release|x64.ActiveCfg = Release|x64
		{4B6E1C72-829F-44A9-B269-FCCD513994DE}.Release|x64.Build.0 = Release|x64
		{4B6E1C72-829F-44A9-B269-FCCD513994DE}.Release|x86.ActiveCfg = Release|x86
		{4B6E1C72-829F-44A9-B269-FCCD513994DE}.Release|x86.Build.0 = Release|x86
		{508E70D3-A8B6-4275-8479-BAF3E3ACFA1F}.Debug|ARM.ActiveCfg = Debug|ARM
		{508E70D3-A8B6-4275-8479-BAF3E3ACFA1F}.Debug|ARM.Build.0 = Debug|ARM
		{508E70D3-A8B6-4275-8479-BAF3E3ACFA1F}.Debug|ARM64.ActiveCfg = Debug|ARM64
		{508E70D3-A8B6-4275-8479-BAF3E3ACFA1F}.Debug|ARM64.Build.0 = Debug|ARM64
		{508E70D3-A8B6-4275-8479-BAF3E3ACFA1F}.Debug|x64.ActiveCfg = Debug|x64
		{508E70D3-A8B6-4275-8479-BAF3E3ACFA1F}.Debug|x64.Build.0 = Debug|x64
		{508E70D3-A8B6-4275-8479-BAF3E3ACFA1F}.Debug|x86.ActiveCfg = Debug|x86
		{508E70D3-A8B6-4275-8479-BAF3E3ACFA1F}.Debug|x86.Build.0 = Debug|x86
		{508E70D3-A8B6-4275-8479-BAF3E3ACFA1F}.Release|ARM.ActiveCfg = Release|ARM
		{508E70D3-A8B6-4275-8479-BAF3E3ACFA1F}.Release|ARM.Build.0 = Release|ARM
		{508E70D3-A8B6-4275-8479-BAF3E3ACFA1F}.Release|ARM64.ActiveCfg = Release|ARM64
		{508E70D3-A8B6-4275-8479-BAF3E3ACFA1F}.Release|ARM64.Build.0 = Release|ARM64
		{508E70D3-A8B6-4275-8479-BAF3E3ACFA1F}.Release|x64.ActiveCfg = Release|x64
		{508E70D3-A8B6-4275-8479-BAF3E3ACFA1F}.Release|x64.Build.0 = Release|x64
		{508E70D3-A8B6-4275-8479-BAF3E3ACFA1F}.Release|x86.ActiveCfg = Release|x86
		{508E70D3-A8B6-4275-8479-BAF3E3ACFA1F}.Release|x86.Build.0 = Release|x86
		{4703EC88-2894-457F-BBCC-0DF3C28AADA0}.Debug|ARM.ActiveCfg = Debug|ARM
		{4703EC88-2894-457F-BBCC-0DF3C28AADA0}.Debug|ARM.Build.0 = Debug|ARM
		{4703EC88-2894-457F-BBCC-0DF3C28AADA0}.Debug|ARM64.ActiveCfg = Debug|ARM64
		{4703EC88-2894-457F-BBCC-0DF3C28AADA0}.Debug|ARM64.Build.0 = Debug|ARM64
		{4703EC88-2894-457F-BBCC-0DF3C28AADA0}.Debug|x64.ActiveCfg = Debug|x64
		{4703EC88-2894-457F-BBCC-0DF3C28AADA0}.Debug|x64.Build.0 = Debug|x64
		{4703EC88-2894-457F-BBCC-0DF3C28AADA0}.Debug|x86.ActiveCfg = Debug|x86
		{4703EC88-2894-457F-BBCC-0DF3C28AADA0}.Debug|x86.Build.0 = Debug|x86
		{4703EC88-2894-457F-BBCC-0DF3C28AADA0}.Release|ARM.ActiveCfg = Release|ARM
		{4703EC88-2894-457F-BBCC-0DF3C28AADA0}.Release|ARM.Build.0 = Release|ARM
		{4703EC88-2894-457F-BBCC-0DF3C28AADA0}.Release|ARM64.ActiveCfg = Release|ARM64
		{4703EC88-2894-457F-BBCC-0DF3C28AADA0}.Release|ARM64.Build.0 = Release|ARM64
		{4703EC88-2894-457F-BBCC-0DF3C28AADA0}.Release|x64.ActiveCfg = Release|x64
		{4703EC88-2894-457F-BBCC-0DF3C28AADA0}.Release|x64.Build.0 = Release|x64
		{4703EC88-2894-457F-BBCC-0DF3C28AADA0}.Release|x86.ActiveCfg = Release|x86
		{4703EC88-2894-457F-BBCC-0DF3C28AADA0}.Release|x86.Build.0 = Release|x86
		{0B2543C8-F59B-4A6C-96C6-C1ECB48EF24F}.Debug|ARM.ActiveCfg = Debug|ARM
		{0B2543C8-F59B-4A6C-96C6-C1ECB48EF24F}.Debug|ARM.Build.0 = Debug|ARM
		{0B2543C8-F59B-4A6C-96C6-C1ECB48EF24F}.Debug|ARM64.ActiveCfg = Debug|ARM64
		{0B2543C8-F59B-4A6C-96C6-C1ECB48EF24F}.Debug|ARM64.Build.0 = Debug|ARM64
		{0B2543C8-F59B-4A6C-96C6-C1ECB48EF24F}.Debug|x64.ActiveCfg = Debug|x64
		{0B2543C8-F59B-4A6C-96C6-C1ECB48EF24F}.Debug|x64.Build.0 = Debug|x64
		{0B2543C8-F59B-4A6C-96C6-C1ECB48EF24F}.Debug|x86.ActiveCfg = Debug|x86
		{0B2543C8-F59B-4A6C-96C6-C1ECB48EF24F}.Debug|x86.Build.0 = Debug|x86
		{0B2543C8-F59B-4A6C-96C6-C1ECB48EF24F}.Release|ARM.ActiveCfg = Release|ARM
		{0B2543C8-F59B-4A6C-96C6-C1ECB48EF24F}.Release|ARM.Build.0 = Release|ARM
		{0B2543C8-F59B-4A6C-96C6-C1ECB48EF24F}.Release|ARM64.ActiveCfg = Release|ARM64
		{0B2543C8-F59B-4A6C-96C6-C1ECB48EF24F}.Release|ARM64.Build.0 = Release|ARM64
		{0B2543C8-F59B-4A6C-96C6-C1ECB48EF24F}.Release|x64.ActiveCfg = Release|x64
		{0B2543C8-F59B-4A6C-96C6-C1ECB48EF24F}.Release|x64.Build.0 = Release|x64
		{0B2543C8-F59B-4A6C-96C6-C1ECB48EF24F}.Release|x86.ActiveCfg = Release|x86
		{0B2543C8-F59B-4A6C-96C6-C1ECB48EF24F}.Release|x86.Build.0 = Release|x86
		{F09617B2-8637-42BA-9EBE-5AB0D9560B6C}.Debug|ARM.ActiveCfg = Debug|ARM
		{F09617B2-8637-42BA-9EBE-5AB0D9560B6C}.Debug|ARM.Build.0 = Debug|ARM
		{F09617B2-8637-42BA-9EBE-5AB0D9560B6C}.Debug|ARM64.ActiveCfg = Debug|ARM64
		{F09617B2-8637-42BA-9EBE-5AB0D9560B6C}.Debug|ARM64.Build.0 = Debug|ARM64
		{F09617B2-8637-42BA-9EBE-5AB0D9560B6C}.Debug|x64.ActiveCfg = Debug|x64
		{F09617B2-8637-42BA-9EBE-5AB0D9560B6C}.Debug|x64.Build.0 = Debug|x64
		{F09617B2-8637-42BA-9EBE-5AB0D9560B6C}.Debug|x86.ActiveCfg = Debug|x86
		{F09617B2-8637-42BA-9EBE-5AB0D9560B6C}.Debug|x86.Build.0 = Debug|x86
		{F09617B2-8637-42BA-9EBE-5AB0D9560B6C}.Release|ARM.ActiveCfg = Release|ARM
		{F09617B2-8637-42BA-9EBE-5AB0D9560B6C}.Release|ARM.Build.0 = Release|ARM
		{F09617B2-8637-42BA-9EBE-5AB0D9560B6C}.Release|ARM64.ActiveCfg = Release|ARM64
		{F09617B2-8637-42BA-9EBE-5AB0D9560B6C}.Release|ARM64.Build.0 = Release|ARM64
		{F09617B2-8637-42BA-9EBE-5AB0D9560B6C}.Release|x64.ActiveCfg = Release|x64
		{F09617B2-8637-42BA-9EBE-5AB0D9560B6C}.Release|x64.Build.0 = Release|x64
		{F09617B2-8637-42BA-9EBE-5AB0D9560B6C}.Release|x86.ActiveCfg = Release|x86
		{F09617B2-8637-42BA-9EBE-5AB0D9560B6C}.Release|x86.Build.0 = Release|x86
	EndGlobalSection
	GlobalSection(SolutionProperties) = preSolution
		HideSolutionNode = FALSE
	EndGlobalSection
	GlobalSection(NestedProjects) = preSolution
		{4C6B08D8-2E0E-454A-8B57-DCF3D4470A47} = {7D55A070-D95F-4522-A8B6-8DEBC2B57751}
		{F247BB75-19F6-40DA-A217-B19397F86D76} = {7D55A070-D95F-4522-A8B6-8DEBC2B57751}
		{46008432-8C27-413C-AA88-D2A6E72DECD8} = {7D55A070-D95F-4522-A8B6-8DEBC2B57751}
		{28946313-B560-4FC8-B14B-D4D88F6555A5} = {7D55A070-D95F-4522-A8B6-8DEBC2B57751}
		{D62F7012-3ED3-4BE6-9BD2-ABA8078F1A95} = {7D55A070-D95F-4522-A8B6-8DEBC2B57751}
		{4B6E1C72-829F-44A9-B269-FCCD513994DE} = {7D55A070-D95F-4522-A8B6-8DEBC2B57751}
		{508E70D3-A8B6-4275-8479-BAF3E3ACFA1F} = {7D55A070-D95F-4522-A8B6-8DEBC2B57751}
		{F09617B2-8637-42BA-9EBE-5AB0D9560B6C} = {7D55A070-D95F-4522-A8B6-8DEBC2B57751}
	EndGlobalSection
	GlobalSection(ExtensibilityGlobals) = postSolution
		SolutionGuid = {D95EA719-58B7-4856-A0BA-6314E151AE53}
	EndGlobalSection
EndGlobal
