
Microsoft Visual Studio Solution File, Format Version 12.00
# Visual Studio Version 16
VisualStudioVersion = 16.0.30204.135
MinimumVisualStudioVersion = 10.0.40219.1
Project("{2150E333-8FDC-42A3-9474-1A3956D46DE8}") = "dependency", "dependency", "{F3B5AD2C-37E1-4ADC-8736-3574F5E6CB3B}"
EndProject
Project("{8BC9CEB8-8B4A-11D0-8D11-00A0C91BC942}") = "ETCPACK", "dependency\ETCPACK\ETCPACK.vcxproj", "{7E57D5B0-E4D9-4CCB-8C27-C893AF7234E1}"
EndProject
Project("{8BC9CEB8-8B4A-11D0-8D11-00A0C91BC942}") = "zlib", "dependency\zlib\zlib.vcxproj", "{15D36A10-D533-4DBF-8BA3-A42D24E5C168}"
EndProject
Project("{8BC9CEB8-8B4A-11D0-8D11-00A0C91BC942}") = "libpng", "dependency\libpng\libpng.vcxproj", "{99E59472-A510-46A0-A045-5F28A70EE71E}"
EndProject
Project("{8BC9CEB8-8B4A-11D0-8D11-00A0C91BC942}") = "md5", "dependency\md5\md5.vcxproj", "{BC43A7C3-85BF-4CF5-82C7-28A4FC4CD257}"
EndProject
Project("{8BC9CEB8-8B4A-11D0-8D11-00A0C91BC942}") = "rg_etc1", "dependency\rg_etc1\rg_etc1.vcxproj", "{B340FACA-3CB9-4218-A9BB-4C4B76AC09D0}"
EndProject
Project("{8BC9CEB8-8B4A-11D0-8D11-00A0C91BC942}") = "tinyxml", "dependency\tinyxml\tinyxml.vcxproj", "{A92BEB94-8A16-497E-B3A3-07EB2F054B8E}"
EndProject
Project("{8BC9CEB8-8B4A-11D0-8D11-00A0C91BC942}") = "lzma", "dependency\lzma\lzma.vcxproj", "{C854027F-BD3A-4446-9D8B-5AF9290F73A3}"
EndProject
Project("{8BC9CEB8-8B4A-11D0-8D11-00A0C91BC942}") = "PVRTCCompressor", "dependency\PVRTCCompressor\PVRTCCompressor.vcxproj", "{0C2AC063-9915-40FB-9E71-17E4E8FAFB68}"
EndProject
Project("{8BC9CEB8-8B4A-11D0-8D11-00A0C91BC942}") = "core", "core\core.vcxproj", "{A61A221B-1F76-4BFF-90A5-BAF21BC62161}"
EndProject
Project("{8BC9CEB8-8B4A-11D0-8D11-00A0C91BC942}") = "lib.windows.dynamic", "lib.windows.dynamic\lib.windows.dynamic.vcxproj", "{86DD9426-B35B-435B-A697-4D131BF62DD1}"
EndProject
Project("{8BC9CEB8-8B4A-11D0-8D11-00A0C91BC942}") = "debugger", "debugger\debugger.vcxproj", "{A5F2D5CC-543D-4D9F-8F85-5A3C0DBDDD37}"
EndProject
Global
	GlobalSection(SolutionConfigurationPlatforms) = preSolution
		Debug|x64 = Debug|x64
		Debug|x86 = Debug|x86
		Release|x64 = Release|x64
		Release|x86 = Release|x86
	EndGlobalSection
	GlobalSection(ProjectConfigurationPlatforms) = postSolution
		{7E57D5B0-E4D9-4CCB-8C27-C893AF7234E1}.Debug|x64.ActiveCfg = Debug|x64
		{7E57D5B0-E4D9-4CCB-8C27-C893AF7234E1}.Debug|x64.Build.0 = Debug|x64
		{7E57D5B0-E4D9-4CCB-8C27-C893AF7234E1}.Debug|x86.ActiveCfg = Debug|Win32
		{7E57D5B0-E4D9-4CCB-8C27-C893AF7234E1}.Debug|x86.Build.0 = Debug|Win32
		{7E57D5B0-E4D9-4CCB-8C27-C893AF7234E1}.Release|x64.ActiveCfg = Release|x64
		{7E57D5B0-E4D9-4CCB-8C27-C893AF7234E1}.Release|x64.Build.0 = Release|x64
		{7E57D5B0-E4D9-4CCB-8C27-C893AF7234E1}.Release|x86.ActiveCfg = Release|Win32
		{7E57D5B0-E4D9-4CCB-8C27-C893AF7234E1}.Release|x86.Build.0 = Release|Win32
		{15D36A10-D533-4DBF-8BA3-A42D24E5C168}.Debug|x64.ActiveCfg = Debug|x64
		{15D36A10-D533-4DBF-8BA3-A42D24E5C168}.Debug|x64.Build.0 = Debug|x64
		{15D36A10-D533-4DBF-8BA3-A42D24E5C168}.Debug|x86.ActiveCfg = Debug|Win32
		{15D36A10-D533-4DBF-8BA3-A42D24E5C168}.Debug|x86.Build.0 = Debug|Win32
		{15D36A10-D533-4DBF-8BA3-A42D24E5C168}.Release|x64.ActiveCfg = Release|x64
		{15D36A10-D533-4DBF-8BA3-A42D24E5C168}.Release|x64.Build.0 = Release|x64
		{15D36A10-D533-4DBF-8BA3-A42D24E5C168}.Release|x86.ActiveCfg = Release|Win32
		{15D36A10-D533-4DBF-8BA3-A42D24E5C168}.Release|x86.Build.0 = Release|Win32
		{99E59472-A510-46A0-A045-5F28A70EE71E}.Debug|x64.ActiveCfg = Debug|x64
		{99E59472-A510-46A0-A045-5F28A70EE71E}.Debug|x64.Build.0 = Debug|x64
		{99E59472-A510-46A0-A045-5F28A70EE71E}.Debug|x86.ActiveCfg = Debug|Win32
		{99E59472-A510-46A0-A045-5F28A70EE71E}.Debug|x86.Build.0 = Debug|Win32
		{99E59472-A510-46A0-A045-5F28A70EE71E}.Release|x64.ActiveCfg = Release|x64
		{99E59472-A510-46A0-A045-5F28A70EE71E}.Release|x64.Build.0 = Release|x64
		{99E59472-A510-46A0-A045-5F28A70EE71E}.Release|x86.ActiveCfg = Release|Win32
		{99E59472-A510-46A0-A045-5F28A70EE71E}.Release|x86.Build.0 = Release|Win32
		{BC43A7C3-85BF-4CF5-82C7-28A4FC4CD257}.Debug|x64.ActiveCfg = Debug|x64
		{BC43A7C3-85BF-4CF5-82C7-28A4FC4CD257}.Debug|x64.Build.0 = Debug|x64
		{BC43A7C3-85BF-4CF5-82C7-28A4FC4CD257}.Debug|x86.ActiveCfg = Debug|Win32
		{BC43A7C3-85BF-4CF5-82C7-28A4FC4CD257}.Debug|x86.Build.0 = Debug|Win32
		{BC43A7C3-85BF-4CF5-82C7-28A4FC4CD257}.Release|x64.ActiveCfg = Release|x64
		{BC43A7C3-85BF-4CF5-82C7-28A4FC4CD257}.Release|x64.Build.0 = Release|x64
		{BC43A7C3-85BF-4CF5-82C7-28A4FC4CD257}.Release|x86.ActiveCfg = Release|Win32
		{BC43A7C3-85BF-4CF5-82C7-28A4FC4CD257}.Release|x86.Build.0 = Release|Win32
		{B340FACA-3CB9-4218-A9BB-4C4B76AC09D0}.Debug|x64.ActiveCfg = Debug|x64
		{B340FACA-3CB9-4218-A9BB-4C4B76AC09D0}.Debug|x64.Build.0 = Debug|x64
		{B340FACA-3CB9-4218-A9BB-4C4B76AC09D0}.Debug|x86.ActiveCfg = Debug|Win32
		{B340FACA-3CB9-4218-A9BB-4C4B76AC09D0}.Debug|x86.Build.0 = Debug|Win32
		{B340FACA-3CB9-4218-A9BB-4C4B76AC09D0}.Release|x64.ActiveCfg = Release|x64
		{B340FACA-3CB9-4218-A9BB-4C4B76AC09D0}.Release|x64.Build.0 = Release|x64
		{B340FACA-3CB9-4218-A9BB-4C4B76AC09D0}.Release|x86.ActiveCfg = Release|Win32
		{B340FACA-3CB9-4218-A9BB-4C4B76AC09D0}.Release|x86.Build.0 = Release|Win32
		{A92BEB94-8A16-497E-B3A3-07EB2F054B8E}.Debug|x64.ActiveCfg = Debug|x64
		{A92BEB94-8A16-497E-B3A3-07EB2F054B8E}.Debug|x64.Build.0 = Debug|x64
		{A92BEB94-8A16-497E-B3A3-07EB2F054B8E}.Debug|x86.ActiveCfg = Debug|Win32
		{A92BEB94-8A16-497E-B3A3-07EB2F054B8E}.Debug|x86.Build.0 = Debug|Win32
		{A92BEB94-8A16-497E-B3A3-07EB2F054B8E}.Release|x64.ActiveCfg = Release|x64
		{A92BEB94-8A16-497E-B3A3-07EB2F054B8E}.Release|x64.Build.0 = Release|x64
		{A92BEB94-8A16-497E-B3A3-07EB2F054B8E}.Release|x86.ActiveCfg = Release|Win32
		{A92BEB94-8A16-497E-B3A3-07EB2F054B8E}.Release|x86.Build.0 = Release|Win32
		{C854027F-BD3A-4446-9D8B-5AF9290F73A3}.Debug|x64.ActiveCfg = Debug|x64
		{C854027F-BD3A-4446-9D8B-5AF9290F73A3}.Debug|x64.Build.0 = Debug|x64
		{C854027F-BD3A-4446-9D8B-5AF9290F73A3}.Debug|x86.ActiveCfg = Debug|Win32
		{C854027F-BD3A-4446-9D8B-5AF9290F73A3}.Debug|x86.Build.0 = Debug|Win32
		{C854027F-BD3A-4446-9D8B-5AF9290F73A3}.Release|x64.ActiveCfg = Release|x64
		{C854027F-BD3A-4446-9D8B-5AF9290F73A3}.Release|x64.Build.0 = Release|x64
		{C854027F-BD3A-4446-9D8B-5AF9290F73A3}.Release|x86.ActiveCfg = Release|Win32
		{C854027F-BD3A-4446-9D8B-5AF9290F73A3}.Release|x86.Build.0 = Release|Win32
		{0C2AC063-9915-40FB-9E71-17E4E8FAFB68}.Debug|x64.ActiveCfg = Debug|x64
		{0C2AC063-9915-40FB-9E71-17E4E8FAFB68}.Debug|x64.Build.0 = Debug|x64
		{0C2AC063-9915-40FB-9E71-17E4E8FAFB68}.Debug|x86.ActiveCfg = Debug|Win32
		{0C2AC063-9915-40FB-9E71-17E4E8FAFB68}.Debug|x86.Build.0 = Debug|Win32
		{0C2AC063-9915-40FB-9E71-17E4E8FAFB68}.Release|x64.ActiveCfg = Release|x64
		{0C2AC063-9915-40FB-9E71-17E4E8FAFB68}.Release|x64.Build.0 = Release|x64
		{0C2AC063-9915-40FB-9E71-17E4E8FAFB68}.Release|x86.ActiveCfg = Release|Win32
		{0C2AC063-9915-40FB-9E71-17E4E8FAFB68}.Release|x86.Build.0 = Release|Win32
		{A61A221B-1F76-4BFF-90A5-BAF21BC62161}.Debug|x64.ActiveCfg = Debug|x64
		{A61A221B-1F76-4BFF-90A5-BAF21BC62161}.Debug|x64.Build.0 = Debug|x64
		{A61A221B-1F76-4BFF-90A5-BAF21BC62161}.Debug|x86.ActiveCfg = Debug|Win32
		{A61A221B-1F76-4BFF-90A5-BAF21BC62161}.Debug|x86.Build.0 = Debug|Win32
		{A61A221B-1F76-4BFF-90A5-BAF21BC62161}.Release|x64.ActiveCfg = Release|x64
		{A61A221B-1F76-4BFF-90A5-BAF21BC62161}.Release|x64.Build.0 = Release|x64
		{A61A221B-1F76-4BFF-90A5-BAF21BC62161}.Release|x86.ActiveCfg = Release|Win32
		{A61A221B-1F76-4BFF-90A5-BAF21BC62161}.Release|x86.Build.0 = Release|Win32
		{86DD9426-B35B-435B-A697-4D131BF62DD1}.Debug|x64.ActiveCfg = Debug|x64
		{86DD9426-B35B-435B-A697-4D131BF62DD1}.Debug|x64.Build.0 = Debug|x64
		{86DD9426-B35B-435B-A697-4D131BF62DD1}.Debug|x86.ActiveCfg = Debug|Win32
		{86DD9426-B35B-435B-A697-4D131BF62DD1}.Debug|x86.Build.0 = Debug|Win32
		{86DD9426-B35B-435B-A697-4D131BF62DD1}.Release|x64.ActiveCfg = Release|x64
		{86DD9426-B35B-435B-A697-4D131BF62DD1}.Release|x64.Build.0 = Release|x64
		{86DD9426-B35B-435B-A697-4D131BF62DD1}.Release|x86.ActiveCfg = Release|Win32
		{86DD9426-B35B-435B-A697-4D131BF62DD1}.Release|x86.Build.0 = Release|Win32
		{A5F2D5CC-543D-4D9F-8F85-5A3C0DBDDD37}.Debug|x64.ActiveCfg = Debug|x64
		{A5F2D5CC-543D-4D9F-8F85-5A3C0DBDDD37}.Debug|x64.Build.0 = Debug|x64
		{A5F2D5CC-543D-4D9F-8F85-5A3C0DBDDD37}.Debug|x86.ActiveCfg = Debug|Win32
		{A5F2D5CC-543D-4D9F-8F85-5A3C0DBDDD37}.Debug|x86.Build.0 = Debug|Win32
		{A5F2D5CC-543D-4D9F-8F85-5A3C0DBDDD37}.Release|x64.ActiveCfg = Release|x64
		{A5F2D5CC-543D-4D9F-8F85-5A3C0DBDDD37}.Release|x64.Build.0 = Release|x64
		{A5F2D5CC-543D-4D9F-8F85-5A3C0DBDDD37}.Release|x86.ActiveCfg = Release|Win32
		{A5F2D5CC-543D-4D9F-8F85-5A3C0DBDDD37}.Release|x86.Build.0 = Release|Win32
	EndGlobalSection
	GlobalSection(SolutionProperties) = preSolution
		HideSolutionNode = FALSE
	EndGlobalSection
	GlobalSection(NestedProjects) = preSolution
		{7E57D5B0-E4D9-4CCB-8C27-C893AF7234E1} = {F3B5AD2C-37E1-4ADC-8736-3574F5E6CB3B}
		{15D36A10-D533-4DBF-8BA3-A42D24E5C168} = {F3B5AD2C-37E1-4ADC-8736-3574F5E6CB3B}
		{99E59472-A510-46A0-A045-5F28A70EE71E} = {F3B5AD2C-37E1-4ADC-8736-3574F5E6CB3B}
		{BC43A7C3-85BF-4CF5-82C7-28A4FC4CD257} = {F3B5AD2C-37E1-4ADC-8736-3574F5E6CB3B}
		{B340FACA-3CB9-4218-A9BB-4C4B76AC09D0} = {F3B5AD2C-37E1-4ADC-8736-3574F5E6CB3B}
		{A92BEB94-8A16-497E-B3A3-07EB2F054B8E} = {F3B5AD2C-37E1-4ADC-8736-3574F5E6CB3B}
		{C854027F-BD3A-4446-9D8B-5AF9290F73A3} = {F3B5AD2C-37E1-4ADC-8736-3574F5E6CB3B}
		{0C2AC063-9915-40FB-9E71-17E4E8FAFB68} = {F3B5AD2C-37E1-4ADC-8736-3574F5E6CB3B}
	EndGlobalSection
	GlobalSection(ExtensibilityGlobals) = postSolution
		SolutionGuid = {DE2842FA-4E75-49F5-9F41-9C1EF21AB18E}
	EndGlobalSection
EndGlobal
